--- 
dependencies: 
  activerecord: 
    group: 
    - :default
    version: ">= 0"
  scruffy: 
    group: 
    - :default
    version: ">= 0"
  sinatra: 
    group: 
    - :default
    version: ">= 0"
  rack-test: 
    group: 
    - :test
    version: ">= 0"
  hpricot: 
    group: 
    - :default
    version: ">= 0"
specs: 
- hpricot: 
    version: 0.8.1
- activesupport: 
    version: 2.3.4
- rack: 
    version: 1.0.1
- rack-test: 
    version: 0.5.3
- sinatra: 
    version: 0.9.4
- scruffy: 
    version: 0.2.6
- activerecord: 
    version: 2.3.4
hash: d9b2ae6804816a542d78fe4fe622a20f0b87f895
sources: 
- Rubygems: 
    uri: http://gemcutter.org
